
Microsoft Visual Studio Solution File, Format Version 12.00
# Visual Studio Version 16
VisualStudioVersion = 16.0.30320.27
MinimumVisualStudioVersion = 10.0.40219.1
Project("{FAE04EC0-301F-11D3-BF4B-00C04F79EFBC}") = "MHWDecoExtractor", "MHWDecoExtractor\MHWDecoExtractor.csproj", "{B0CBC1E9-4894-4D15-9DCC-AE5ECF09DCBF}"
EndProject
Project("{9A19103F-16F7-4668-BE54-9A1E7A4F7556}") = "MHWSaveUtils", "..\MHWSaveUtils\MHWSaveUtils\MHWSaveUtils.csproj", "{C686275B-2D0F-41D0-A1C2-798683809489}"
EndProject
Project("{FAE04EC0-301F-11D3-BF4B-00C04F79EFBC}") = "MHWDecoExtractorGUI", "MHWDecoExtractorGUI\MHWDecoExtractorGUI.csproj", "{E86991A1-AA2D-450F-89BF-75199EBB6850}"
EndProject
Global
	GlobalSection(SolutionConfigurationPlatforms) = preSolution
		Debug|Any CPU = Debug|Any CPU
		Release|Any CPU = Release|Any CPU
	EndGlobalSection
	GlobalSection(ProjectConfigurationPlatforms) = postSolution
		{B0CBC1E9-4894-4D15-9DCC-AE5ECF09DCBF}.Debug|Any CPU.ActiveCfg = Debug|Any CPU
		{B0CBC1E9-4894-4D15-9DCC-AE5ECF09DCBF}.Debug|Any CPU.Build.0 = Debug|Any CPU
		{B0CBC1E9-4894-4D15-9DCC-AE5ECF09DCBF}.Release|Any CPU.ActiveCfg = Release|Any CPU
		{B0CBC1E9-4894-4D15-9DCC-AE5ECF09DCBF}.Release|Any CPU.Build.0 = Release|Any CPU
		{C686275B-2D0F-41D0-A1C2-798683809489}.Debug|Any CPU.ActiveCfg = Debug|Any CPU
		{C686275B-2D0F-41D0-A1C2-798683809489}.Debug|Any CPU.Build.0 = Debug|Any CPU
		{C686275B-2D0F-41D0-A1C2-798683809489}.Release|Any CPU.ActiveCfg = Release|Any CPU
		{C686275B-2D0F-41D0-A1C2-798683809489}.Release|Any CPU.Build.0 = Release|Any CPU
		{E86991A1-AA2D-450F-89BF-75199EBB6850}.Debug|Any CPU.ActiveCfg = Debug|Any CPU
		{E86991A1-AA2D-450F-89BF-75199EBB6850}.Debug|Any CPU.Build.0 = Debug|Any CPU
		{E86991A1-AA2D-450F-89BF-75199EBB6850}.Release|Any CPU.ActiveCfg = Release|Any CPU
		{E86991A1-AA2D-450F-89BF-75199EBB6850}.Release|Any CPU.Build.0 = Release|Any CPU
	EndGlobalSection
	GlobalSection(SolutionProperties) = preSolution
		HideSolutionNode = FALSE
	EndGlobalSection
	GlobalSection(ExtensibilityGlobals) = postSolution
		SolutionGuid = {44AD9A12-EC2E-4EBF-82FF-70C52C51ADDD}
	EndGlobalSection
EndGlobal
